
Microsoft Visual Studio Solution File, Format Version 12.00
Project("{FAE04EC0-301F-11D3-BF4B-00C04F79EFBC}") = "TaskManagement.API", "TaskManagement.API\TaskManagement.API.csproj", "{02E04057-BF55-49BE-824E-CFC9DF97E3C5}"
EndProject
Global
	GlobalSection(SolutionConfigurationPlatforms) = preSolution
		Debug|Any CPU = Debug|Any CPU
		Release|Any CPU = Release|Any CPU
	EndGlobalSection
	GlobalSection(ProjectConfigurationPlatforms) = postSolution
		{02E04057-BF55-49BE-824E-CFC9DF97E3C5}.Debug|Any CPU.ActiveCfg = Debug|Any CPU
		{02E04057-BF55-49BE-824E-CFC9DF97E3C5}.Debug|Any CPU.Build.0 = Debug|Any CPU
		{02E04057-BF55-49BE-824E-CFC9DF97E3C5}.Release|Any CPU.ActiveCfg = Release|Any CPU
		{02E04057-BF55-49BE-824E-CFC9DF97E3C5}.Release|Any CPU.Build.0 = Release|Any CPU
	EndGlobalSection
EndGlobal
